{
  "version": 1,
  "dependencies": {
    ".NETCoreApp,Version=v3.1": {
      "System.Diagnostics.EventLog": {
        "type": "Direct",
        "requested": "[4.7.0, )",
        "resolved": "4.7.0",
        "contentHash": "iDoKGQcRwX0qwY+eAEkaJGae0d/lHlxtslO+t8pJWAUxlvY3tqLtVOPnW2UU4cFjP0Y/L1QBqhkZfSyGqVMR2w==",
        "dependencies": {
          "Microsoft.NETCore.Platforms": "3.1.0",
          "Microsoft.Win32.Registry": "4.7.0",
          "System.Security.Principal.Windows": "4.7.0"
        }
      },
      "System.Diagnostics.PerformanceCounter": {
        "type": "Direct",
        "requested": "[4.7.0, )",
        "resolved": "4.7.0",
        "contentHash": "kE9szT4i3TYT9bDE/BPfzg9/BL6enMiZlcUmnUEBrhRtxWvurKoa8qhXkLTRhrxMzBqaDleWlRfIPE02tulU+w==",
        "dependencies": {
          "Microsoft.NETCore.Platforms": "3.1.0",
          "Microsoft.Win32.Registry": "4.7.0",
          "System.Configuration.ConfigurationManager": "4.7.0",
          "System.Security.Principal.Windows": "4.7.0"
        }
      },
      "Zlib.Bindings": {
        "type": "Direct",
        "requested": "[1.2.0, )",
        "resolved": "1.2.0",
        "contentHash": "z1/D7sNbpq3E6B+YLvV99vx9fa6cnOtxVLKMBVFJ8i/dGZG/y8bE+7lyOwLaDmQlTendwidPvjKfUKhLYgBryg=="
      },
      "Microsoft.NETCore.Platforms": {
        "type": "Transitive",
        "resolved": "3.1.0",
        "contentHash": "z7aeg8oHln2CuNulfhiLYxCVMPEwBl3rzicjvIX+4sUuCwvXw5oXQEtbiU2c0z4qYL5L3Kmx0mMA/+t/SbY67w=="
      },
      "Microsoft.Win32.Registry": {
        "type": "Transitive",
        "resolved": "4.7.0",
        "contentHash": "KSrRMb5vNi0CWSGG1++id2ZOs/1QhRqROt+qgbEAdQuGjGrFcl4AOl4/exGPUYz2wUnU42nvJqon1T3U0kPXLA==",
        "dependencies": {
          "System.Security.AccessControl": "4.7.0",
          "System.Security.Principal.Windows": "4.7.0"
        }
      },
      "Microsoft.Win32.SystemEvents": {
        "type": "Transitive",
        "resolved": "4.7.0",
        "contentHash": "mtVirZr++rq+XCDITMUdnETD59XoeMxSpLRIII7JRI6Yj0LEDiO1pPn0ktlnIj12Ix8bfvQqQDMMIF9wC98oCA==",
        "dependencies": {
          "Microsoft.NETCore.Platforms": "3.1.0"
        }
      },
      "System.Configuration.ConfigurationManager": {
        "type": "Transitive",
        "resolved": "4.7.0",
        "contentHash": "/anOTeSZCNNI2zDilogWrZ8pNqCmYbzGNexUnNhjW8k0sHqEZ2nHJBp147jBV3hGYswu5lINpNg1vxR7bnqvVA==",
        "dependencies": {
          "System.Security.Cryptography.ProtectedData": "4.7.0",
          "System.Security.Permissions": "4.7.0"
        }
      },
      "System.Drawing.Common": {
        "type": "Transitive",
        "resolved": "4.7.0",
        "contentHash": "v+XbyYHaZjDfn0ENmJEV1VYLgGgCTx1gnfOBcppowbpOAriglYgGCvFCPr2EEZyBvXlpxbEsTwkOlInl107ahA==",
        "dependencies": {
          "Microsoft.NETCore.Platforms": "3.1.0",
          "Microsoft.Win32.SystemEvents": "4.7.0"
        }
      },
      "System.Security.AccessControl": {
        "type": "Transitive",
        "resolved": "4.7.0",
        "contentHash": "JECvTt5aFF3WT3gHpfofL2MNNP6v84sxtXxpqhLBCcDRzqsPBmHhQ6shv4DwwN2tRlzsUxtb3G9M3763rbXKDg==",
        "dependencies": {
          "Microsoft.NETCore.Platforms": "3.1.0",
          "System.Security.Principal.Windows": "4.7.0"
        }
      },
      "System.Security.Cryptography.ProtectedData": {
        "type": "Transitive",
        "resolved": "4.7.0",
        "contentHash": "ehYW0m9ptxpGWvE4zgqongBVWpSDU/JCFD4K7krxkQwSz/sFQjEXCUqpvencjy6DYDbn7Ig09R8GFffu8TtneQ=="
      },
      "System.Security.Permissions": {
        "type": "Transitive",
        "resolved": "4.7.0",
        "contentHash": "dkOV6YYVBnYRa15/yv004eCGRBVADXw8qRbbNiCn/XpdJSUXkkUeIvdvFHkvnko4CdKMqG8yRHC4ox83LSlMsQ==",
        "dependencies": {
          "System.Security.AccessControl": "4.7.0",
          "System.Windows.Extensions": "4.7.0"
        }
      },
      "System.Security.Principal.Windows": {
        "type": "Transitive",
        "resolved": "4.7.0",
        "contentHash": "ojD0PX0XhneCsUbAZVKdb7h/70vyYMDYs85lwEI+LngEONe/17A0cFaRFqZU+sOEidcVswYWikYOQ9PPfjlbtQ=="
      },
      "System.Windows.Extensions": {
        "type": "Transitive",
        "resolved": "4.7.0",
        "contentHash": "CeWTdRNfRaSh0pm2gDTJFwVaXfTq6Xwv/sA887iwPTneW7oMtMlpvDIO+U60+3GWTB7Aom6oQwv5VZVUhQRdPQ==",
        "dependencies": {
          "System.Drawing.Common": "4.7.0"
        }
      },
      "ultima": {
        "type": "Project",
        "dependencies": {
          "Microsoft.Win32.Registry": "4.7.0",
          "System.Drawing.Common": "4.7.0"
        }
      }
    },
    ".NETCoreApp,Version=v3.1/centos.7-x64": {
      "System.Diagnostics.EventLog": {
        "type": "Direct",
        "requested": "[4.7.0, )",
        "resolved": "4.7.0",
        "contentHash": "iDoKGQcRwX0qwY+eAEkaJGae0d/lHlxtslO+t8pJWAUxlvY3tqLtVOPnW2UU4cFjP0Y/L1QBqhkZfSyGqVMR2w==",
        "dependencies": {
          "Microsoft.NETCore.Platforms": "3.1.0",
          "Microsoft.Win32.Registry": "4.7.0",
          "System.Security.Principal.Windows": "4.7.0"
        }
      },
      "System.Diagnostics.PerformanceCounter": {
        "type": "Direct",
        "requested": "[4.7.0, )",
        "resolved": "4.7.0",
        "contentHash": "kE9szT4i3TYT9bDE/BPfzg9/BL6enMiZlcUmnUEBrhRtxWvurKoa8qhXkLTRhrxMzBqaDleWlRfIPE02tulU+w==",
        "dependencies": {
          "Microsoft.NETCore.Platforms": "3.1.0",
          "Microsoft.Win32.Registry": "4.7.0",
          "System.Configuration.ConfigurationManager": "4.7.0",
          "System.Security.Principal.Windows": "4.7.0"
        }
      },
      "Zlib.Bindings": {
        "type": "Direct",
        "requested": "[1.2.0, )",
        "resolved": "1.2.0",
        "contentHash": "z1/D7sNbpq3E6B+YLvV99vx9fa6cnOtxVLKMBVFJ8i/dGZG/y8bE+7lyOwLaDmQlTendwidPvjKfUKhLYgBryg=="
      },
      "Microsoft.Win32.Registry": {
        "type": "Transitive",
        "resolved": "4.7.0",
        "contentHash": "KSrRMb5vNi0CWSGG1++id2ZOs/1QhRqROt+qgbEAdQuGjGrFcl4AOl4/exGPUYz2wUnU42nvJqon1T3U0kPXLA==",
        "dependencies": {
          "System.Security.AccessControl": "4.7.0",
          "System.Security.Principal.Windows": "4.7.0"
        }
      },
      "Microsoft.Win32.SystemEvents": {
        "type": "Transitive",
        "resolved": "4.7.0",
        "contentHash": "mtVirZr++rq+XCDITMUdnETD59XoeMxSpLRIII7JRI6Yj0LEDiO1pPn0ktlnIj12Ix8bfvQqQDMMIF9wC98oCA==",
        "dependencies": {
          "Microsoft.NETCore.Platforms": "3.1.0"
        }
      },
      "System.Drawing.Common": {
        "type": "Transitive",
        "resolved": "4.7.0",
        "contentHash": "v+XbyYHaZjDfn0ENmJEV1VYLgGgCTx1gnfOBcppowbpOAriglYgGCvFCPr2EEZyBvXlpxbEsTwkOlInl107ahA==",
        "dependencies": {
          "Microsoft.NETCore.Platforms": "3.1.0",
          "Microsoft.Win32.SystemEvents": "4.7.0"
        }
      },
      "System.Security.AccessControl": {
        "type": "Transitive",
        "resolved": "4.7.0",
        "contentHash": "JECvTt5aFF3WT3gHpfofL2MNNP6v84sxtXxpqhLBCcDRzqsPBmHhQ6shv4DwwN2tRlzsUxtb3G9M3763rbXKDg==",
        "dependencies": {
          "Microsoft.NETCore.Platforms": "3.1.0",
          "System.Security.Principal.Windows": "4.7.0"
        }
      },
      "System.Security.Cryptography.ProtectedData": {
        "type": "Transitive",
        "resolved": "4.7.0",
        "contentHash": "ehYW0m9ptxpGWvE4zgqongBVWpSDU/JCFD4K7krxkQwSz/sFQjEXCUqpvencjy6DYDbn7Ig09R8GFffu8TtneQ=="
      },
      "System.Security.Principal.Windows": {
        "type": "Transitive",
        "resolved": "4.7.0",
        "contentHash": "ojD0PX0XhneCsUbAZVKdb7h/70vyYMDYs85lwEI+LngEONe/17A0cFaRFqZU+sOEidcVswYWikYOQ9PPfjlbtQ=="
      },
      "System.Windows.Extensions": {
        "type": "Transitive",
        "resolved": "4.7.0",
        "contentHash": "CeWTdRNfRaSh0pm2gDTJFwVaXfTq6Xwv/sA887iwPTneW7oMtMlpvDIO+U60+3GWTB7Aom6oQwv5VZVUhQRdPQ==",
        "dependencies": {
          "System.Drawing.Common": "4.7.0"
        }
      }
    },
    ".NETCoreApp,Version=v3.1/centos.8-x64": {
      "System.Diagnostics.EventLog": {
        "type": "Direct",
        "requested": "[4.7.0, )",
        "resolved": "4.7.0",
        "contentHash": "iDoKGQcRwX0qwY+eAEkaJGae0d/lHlxtslO+t8pJWAUxlvY3tqLtVOPnW2UU4cFjP0Y/L1QBqhkZfSyGqVMR2w==",
        "dependencies": {
          "Microsoft.NETCore.Platforms": "3.1.0",
          "Microsoft.Win32.Registry": "4.7.0",
          "System.Security.Principal.Windows": "4.7.0"
        }
      },
      "System.Diagnostics.PerformanceCounter": {
        "type": "Direct",
        "requested": "[4.7.0, )",
        "resolved": "4.7.0",
        "contentHash": "kE9szT4i3TYT9bDE/BPfzg9/BL6enMiZlcUmnUEBrhRtxWvurKoa8qhXkLTRhrxMzBqaDleWlRfIPE02tulU+w==",
        "dependencies": {
          "Microsoft.NETCore.Platforms": "3.1.0",
          "Microsoft.Win32.Registry": "4.7.0",
          "System.Configuration.ConfigurationManager": "4.7.0",
          "System.Security.Principal.Windows": "4.7.0"
        }
      },
      "Zlib.Bindings": {
        "type": "Direct",
        "requested": "[1.2.0, )",
        "resolved": "1.2.0",
        "contentHash": "z1/D7sNbpq3E6B+YLvV99vx9fa6cnOtxVLKMBVFJ8i/dGZG/y8bE+7lyOwLaDmQlTendwidPvjKfUKhLYgBryg=="
      },
      "Microsoft.Win32.Registry": {
        "type": "Transitive",
        "resolved": "4.7.0",
        "contentHash": "KSrRMb5vNi0CWSGG1++id2ZOs/1QhRqROt+qgbEAdQuGjGrFcl4AOl4/exGPUYz2wUnU42nvJqon1T3U0kPXLA==",
        "dependencies": {
          "System.Security.AccessControl": "4.7.0",
          "System.Security.Principal.Windows": "4.7.0"
        }
      },
      "Microsoft.Win32.SystemEvents": {
        "type": "Transitive",
        "resolved": "4.7.0",
        "contentHash": "mtVirZr++rq+XCDITMUdnETD59XoeMxSpLRIII7JRI6Yj0LEDiO1pPn0ktlnIj12Ix8bfvQqQDMMIF9wC98oCA==",
        "dependencies": {
          "Microsoft.NETCore.Platforms": "3.1.0"
        }
      },
      "System.Drawing.Common": {
        "type": "Transitive",
        "resolved": "4.7.0",
        "contentHash": "v+XbyYHaZjDfn0ENmJEV1VYLgGgCTx1gnfOBcppowbpOAriglYgGCvFCPr2EEZyBvXlpxbEsTwkOlInl107ahA==",
        "dependencies": {
          "Microsoft.NETCore.Platforms": "3.1.0",
          "Microsoft.Win32.SystemEvents": "4.7.0"
        }
      },
      "System.Security.AccessControl": {
        "type": "Transitive",
        "resolved": "4.7.0",
        "contentHash": "JECvTt5aFF3WT3gHpfofL2MNNP6v84sxtXxpqhLBCcDRzqsPBmHhQ6shv4DwwN2tRlzsUxtb3G9M3763rbXKDg==",
        "dependencies": {
          "Microsoft.NETCore.Platforms": "3.1.0",
          "System.Security.Principal.Windows": "4.7.0"
        }
      },
      "System.Security.Cryptography.ProtectedData": {
        "type": "Transitive",
        "resolved": "4.7.0",
        "contentHash": "ehYW0m9ptxpGWvE4zgqongBVWpSDU/JCFD4K7krxkQwSz/sFQjEXCUqpvencjy6DYDbn7Ig09R8GFffu8TtneQ=="
      },
      "System.Security.Principal.Windows": {
        "type": "Transitive",
        "resolved": "4.7.0",
        "contentHash": "ojD0PX0XhneCsUbAZVKdb7h/70vyYMDYs85lwEI+LngEONe/17A0cFaRFqZU+sOEidcVswYWikYOQ9PPfjlbtQ=="
      },
      "System.Windows.Extensions": {
        "type": "Transitive",
        "resolved": "4.7.0",
        "contentHash": "CeWTdRNfRaSh0pm2gDTJFwVaXfTq6Xwv/sA887iwPTneW7oMtMlpvDIO+U60+3GWTB7Aom6oQwv5VZVUhQRdPQ==",
        "dependencies": {
          "System.Drawing.Common": "4.7.0"
        }
      }
    },
    ".NETCoreApp,Version=v3.1/debian.10-x64": {
      "System.Diagnostics.EventLog": {
        "type": "Direct",
        "requested": "[4.7.0, )",
        "resolved": "4.7.0",
        "contentHash": "iDoKGQcRwX0qwY+eAEkaJGae0d/lHlxtslO+t8pJWAUxlvY3tqLtVOPnW2UU4cFjP0Y/L1QBqhkZfSyGqVMR2w==",
        "dependencies": {
          "Microsoft.NETCore.Platforms": "3.1.0",
          "Microsoft.Win32.Registry": "4.7.0",
          "System.Security.Principal.Windows": "4.7.0"
        }
      },
      "System.Diagnostics.PerformanceCounter": {
        "type": "Direct",
        "requested": "[4.7.0, )",
        "resolved": "4.7.0",
        "contentHash": "kE9szT4i3TYT9bDE/BPfzg9/BL6enMiZlcUmnUEBrhRtxWvurKoa8qhXkLTRhrxMzBqaDleWlRfIPE02tulU+w==",
        "dependencies": {
          "Microsoft.NETCore.Platforms": "3.1.0",
          "Microsoft.Win32.Registry": "4.7.0",
          "System.Configuration.ConfigurationManager": "4.7.0",
          "System.Security.Principal.Windows": "4.7.0"
        }
      },
      "Zlib.Bindings": {
        "type": "Direct",
        "requested": "[1.2.0, )",
        "resolved": "1.2.0",
        "contentHash": "z1/D7sNbpq3E6B+YLvV99vx9fa6cnOtxVLKMBVFJ8i/dGZG/y8bE+7lyOwLaDmQlTendwidPvjKfUKhLYgBryg=="
      },
      "Microsoft.Win32.Registry": {
        "type": "Transitive",
        "resolved": "4.7.0",
        "contentHash": "KSrRMb5vNi0CWSGG1++id2ZOs/1QhRqROt+qgbEAdQuGjGrFcl4AOl4/exGPUYz2wUnU42nvJqon1T3U0kPXLA==",
        "dependencies": {
          "System.Security.AccessControl": "4.7.0",
          "System.Security.Principal.Windows": "4.7.0"
        }
      },
      "Microsoft.Win32.SystemEvents": {
        "type": "Transitive",
        "resolved": "4.7.0",
        "contentHash": "mtVirZr++rq+XCDITMUdnETD59XoeMxSpLRIII7JRI6Yj0LEDiO1pPn0ktlnIj12Ix8bfvQqQDMMIF9wC98oCA==",
        "dependencies": {
          "Microsoft.NETCore.Platforms": "3.1.0"
        }
      },
      "System.Drawing.Common": {
        "type": "Transitive",
        "resolved": "4.7.0",
        "contentHash": "v+XbyYHaZjDfn0ENmJEV1VYLgGgCTx1gnfOBcppowbpOAriglYgGCvFCPr2EEZyBvXlpxbEsTwkOlInl107ahA==",
        "dependencies": {
          "Microsoft.NETCore.Platforms": "3.1.0",
          "Microsoft.Win32.SystemEvents": "4.7.0"
        }
      },
      "System.Security.AccessControl": {
        "type": "Transitive",
        "resolved": "4.7.0",
        "contentHash": "JECvTt5aFF3WT3gHpfofL2MNNP6v84sxtXxpqhLBCcDRzqsPBmHhQ6shv4DwwN2tRlzsUxtb3G9M3763rbXKDg==",
        "dependencies": {
          "Microsoft.NETCore.Platforms": "3.1.0",
          "System.Security.Principal.Windows": "4.7.0"
        }
      },
      "System.Security.Cryptography.ProtectedData": {
        "type": "Transitive",
        "resolved": "4.7.0",
        "contentHash": "ehYW0m9ptxpGWvE4zgqongBVWpSDU/JCFD4K7krxkQwSz/sFQjEXCUqpvencjy6DYDbn7Ig09R8GFffu8TtneQ=="
      },
      "System.Security.Principal.Windows": {
        "type": "Transitive",
        "resolved": "4.7.0",
        "contentHash": "ojD0PX0XhneCsUbAZVKdb7h/70vyYMDYs85lwEI+LngEONe/17A0cFaRFqZU+sOEidcVswYWikYOQ9PPfjlbtQ=="
      },
      "System.Windows.Extensions": {
        "type": "Transitive",
        "resolved": "4.7.0",
        "contentHash": "CeWTdRNfRaSh0pm2gDTJFwVaXfTq6Xwv/sA887iwPTneW7oMtMlpvDIO+U60+3GWTB7Aom6oQwv5VZVUhQRdPQ==",
        "dependencies": {
          "System.Drawing.Common": "4.7.0"
        }
      }
    },
    ".NETCoreApp,Version=v3.1/debian.9-x64": {
      "System.Diagnostics.EventLog": {
        "type": "Direct",
        "requested": "[4.7.0, )",
        "resolved": "4.7.0",
        "contentHash": "iDoKGQcRwX0qwY+eAEkaJGae0d/lHlxtslO+t8pJWAUxlvY3tqLtVOPnW2UU4cFjP0Y/L1QBqhkZfSyGqVMR2w==",
        "dependencies": {
          "Microsoft.NETCore.Platforms": "3.1.0",
          "Microsoft.Win32.Registry": "4.7.0",
          "System.Security.Principal.Windows": "4.7.0"
        }
      },
      "System.Diagnostics.PerformanceCounter": {
        "type": "Direct",
        "requested": "[4.7.0, )",
        "resolved": "4.7.0",
        "contentHash": "kE9szT4i3TYT9bDE/BPfzg9/BL6enMiZlcUmnUEBrhRtxWvurKoa8qhXkLTRhrxMzBqaDleWlRfIPE02tulU+w==",
        "dependencies": {
          "Microsoft.NETCore.Platforms": "3.1.0",
          "Microsoft.Win32.Registry": "4.7.0",
          "System.Configuration.ConfigurationManager": "4.7.0",
          "System.Security.Principal.Windows": "4.7.0"
        }
      },
      "Zlib.Bindings": {
        "type": "Direct",
        "requested": "[1.2.0, )",
        "resolved": "1.2.0",
        "contentHash": "z1/D7sNbpq3E6B+YLvV99vx9fa6cnOtxVLKMBVFJ8i/dGZG/y8bE+7lyOwLaDmQlTendwidPvjKfUKhLYgBryg=="
      },
      "Microsoft.Win32.Registry": {
        "type": "Transitive",
        "resolved": "4.7.0",
        "contentHash": "KSrRMb5vNi0CWSGG1++id2ZOs/1QhRqROt+qgbEAdQuGjGrFcl4AOl4/exGPUYz2wUnU42nvJqon1T3U0kPXLA==",
        "dependencies": {
          "System.Security.AccessControl": "4.7.0",
          "System.Security.Principal.Windows": "4.7.0"
        }
      },
      "Microsoft.Win32.SystemEvents": {
        "type": "Transitive",
        "resolved": "4.7.0",
        "contentHash": "mtVirZr++rq+XCDITMUdnETD59XoeMxSpLRIII7JRI6Yj0LEDiO1pPn0ktlnIj12Ix8bfvQqQDMMIF9wC98oCA==",
        "dependencies": {
          "Microsoft.NETCore.Platforms": "3.1.0"
        }
      },
      "System.Drawing.Common": {
        "type": "Transitive",
        "resolved": "4.7.0",
        "contentHash": "v+XbyYHaZjDfn0ENmJEV1VYLgGgCTx1gnfOBcppowbpOAriglYgGCvFCPr2EEZyBvXlpxbEsTwkOlInl107ahA==",
        "dependencies": {
          "Microsoft.NETCore.Platforms": "3.1.0",
          "Microsoft.Win32.SystemEvents": "4.7.0"
        }
      },
      "System.Security.AccessControl": {
        "type": "Transitive",
        "resolved": "4.7.0",
        "contentHash": "JECvTt5aFF3WT3gHpfofL2MNNP6v84sxtXxpqhLBCcDRzqsPBmHhQ6shv4DwwN2tRlzsUxtb3G9M3763rbXKDg==",
        "dependencies": {
          "Microsoft.NETCore.Platforms": "3.1.0",
          "System.Security.Principal.Windows": "4.7.0"
        }
      },
      "System.Security.Cryptography.ProtectedData": {
        "type": "Transitive",
        "resolved": "4.7.0",
        "contentHash": "ehYW0m9ptxpGWvE4zgqongBVWpSDU/JCFD4K7krxkQwSz/sFQjEXCUqpvencjy6DYDbn7Ig09R8GFffu8TtneQ=="
      },
      "System.Security.Principal.Windows": {
        "type": "Transitive",
        "resolved": "4.7.0",
        "contentHash": "ojD0PX0XhneCsUbAZVKdb7h/70vyYMDYs85lwEI+LngEONe/17A0cFaRFqZU+sOEidcVswYWikYOQ9PPfjlbtQ=="
      },
      "System.Windows.Extensions": {
        "type": "Transitive",
        "resolved": "4.7.0",
        "contentHash": "CeWTdRNfRaSh0pm2gDTJFwVaXfTq6Xwv/sA887iwPTneW7oMtMlpvDIO+U60+3GWTB7Aom6oQwv5VZVUhQRdPQ==",
        "dependencies": {
          "System.Drawing.Common": "4.7.0"
        }
      }
    },
    ".NETCoreApp,Version=v3.1/osx-x64": {
      "System.Diagnostics.EventLog": {
        "type": "Direct",
        "requested": "[4.7.0, )",
        "resolved": "4.7.0",
        "contentHash": "iDoKGQcRwX0qwY+eAEkaJGae0d/lHlxtslO+t8pJWAUxlvY3tqLtVOPnW2UU4cFjP0Y/L1QBqhkZfSyGqVMR2w==",
        "dependencies": {
          "Microsoft.NETCore.Platforms": "3.1.0",
          "Microsoft.Win32.Registry": "4.7.0",
          "System.Security.Principal.Windows": "4.7.0"
        }
      },
      "System.Diagnostics.PerformanceCounter": {
        "type": "Direct",
        "requested": "[4.7.0, )",
        "resolved": "4.7.0",
        "contentHash": "kE9szT4i3TYT9bDE/BPfzg9/BL6enMiZlcUmnUEBrhRtxWvurKoa8qhXkLTRhrxMzBqaDleWlRfIPE02tulU+w==",
        "dependencies": {
          "Microsoft.NETCore.Platforms": "3.1.0",
          "Microsoft.Win32.Registry": "4.7.0",
          "System.Configuration.ConfigurationManager": "4.7.0",
          "System.Security.Principal.Windows": "4.7.0"
        }
      },
      "Zlib.Bindings": {
        "type": "Direct",
        "requested": "[1.2.0, )",
        "resolved": "1.2.0",
        "contentHash": "z1/D7sNbpq3E6B+YLvV99vx9fa6cnOtxVLKMBVFJ8i/dGZG/y8bE+7lyOwLaDmQlTendwidPvjKfUKhLYgBryg=="
      },
      "Microsoft.Win32.Registry": {
        "type": "Transitive",
        "resolved": "4.7.0",
        "contentHash": "KSrRMb5vNi0CWSGG1++id2ZOs/1QhRqROt+qgbEAdQuGjGrFcl4AOl4/exGPUYz2wUnU42nvJqon1T3U0kPXLA==",
        "dependencies": {
          "System.Security.AccessControl": "4.7.0",
          "System.Security.Principal.Windows": "4.7.0"
        }
      },
      "Microsoft.Win32.SystemEvents": {
        "type": "Transitive",
        "resolved": "4.7.0",
        "contentHash": "mtVirZr++rq+XCDITMUdnETD59XoeMxSpLRIII7JRI6Yj0LEDiO1pPn0ktlnIj12Ix8bfvQqQDMMIF9wC98oCA==",
        "dependencies": {
          "Microsoft.NETCore.Platforms": "3.1.0"
        }
      },
      "System.Drawing.Common": {
        "type": "Transitive",
        "resolved": "4.7.0",
        "contentHash": "v+XbyYHaZjDfn0ENmJEV1VYLgGgCTx1gnfOBcppowbpOAriglYgGCvFCPr2EEZyBvXlpxbEsTwkOlInl107ahA==",
        "dependencies": {
          "Microsoft.NETCore.Platforms": "3.1.0",
          "Microsoft.Win32.SystemEvents": "4.7.0"
        }
      },
      "System.Security.AccessControl": {
        "type": "Transitive",
        "resolved": "4.7.0",
        "contentHash": "JECvTt5aFF3WT3gHpfofL2MNNP6v84sxtXxpqhLBCcDRzqsPBmHhQ6shv4DwwN2tRlzsUxtb3G9M3763rbXKDg==",
        "dependencies": {
          "Microsoft.NETCore.Platforms": "3.1.0",
          "System.Security.Principal.Windows": "4.7.0"
        }
      },
      "System.Security.Cryptography.ProtectedData": {
        "type": "Transitive",
        "resolved": "4.7.0",
        "contentHash": "ehYW0m9ptxpGWvE4zgqongBVWpSDU/JCFD4K7krxkQwSz/sFQjEXCUqpvencjy6DYDbn7Ig09R8GFffu8TtneQ=="
      },
      "System.Security.Principal.Windows": {
        "type": "Transitive",
        "resolved": "4.7.0",
        "contentHash": "ojD0PX0XhneCsUbAZVKdb7h/70vyYMDYs85lwEI+LngEONe/17A0cFaRFqZU+sOEidcVswYWikYOQ9PPfjlbtQ=="
      },
      "System.Windows.Extensions": {
        "type": "Transitive",
        "resolved": "4.7.0",
        "contentHash": "CeWTdRNfRaSh0pm2gDTJFwVaXfTq6Xwv/sA887iwPTneW7oMtMlpvDIO+U60+3GWTB7Aom6oQwv5VZVUhQRdPQ==",
        "dependencies": {
          "System.Drawing.Common": "4.7.0"
        }
      }
    },
    ".NETCoreApp,Version=v3.1/ubuntu.16.04-x64": {
      "System.Diagnostics.EventLog": {
        "type": "Direct",
        "requested": "[4.7.0, )",
        "resolved": "4.7.0",
        "contentHash": "iDoKGQcRwX0qwY+eAEkaJGae0d/lHlxtslO+t8pJWAUxlvY3tqLtVOPnW2UU4cFjP0Y/L1QBqhkZfSyGqVMR2w==",
        "dependencies": {
          "Microsoft.NETCore.Platforms": "3.1.0",
          "Microsoft.Win32.Registry": "4.7.0",
          "System.Security.Principal.Windows": "4.7.0"
        }
      },
      "System.Diagnostics.PerformanceCounter": {
        "type": "Direct",
        "requested": "[4.7.0, )",
        "resolved": "4.7.0",
        "contentHash": "kE9szT4i3TYT9bDE/BPfzg9/BL6enMiZlcUmnUEBrhRtxWvurKoa8qhXkLTRhrxMzBqaDleWlRfIPE02tulU+w==",
        "dependencies": {
          "Microsoft.NETCore.Platforms": "3.1.0",
          "Microsoft.Win32.Registry": "4.7.0",
          "System.Configuration.ConfigurationManager": "4.7.0",
          "System.Security.Principal.Windows": "4.7.0"
        }
      },
      "Zlib.Bindings": {
        "type": "Direct",
        "requested": "[1.2.0, )",
        "resolved": "1.2.0",
        "contentHash": "z1/D7sNbpq3E6B+YLvV99vx9fa6cnOtxVLKMBVFJ8i/dGZG/y8bE+7lyOwLaDmQlTendwidPvjKfUKhLYgBryg=="
      },
      "Microsoft.Win32.Registry": {
        "type": "Transitive",
        "resolved": "4.7.0",
        "contentHash": "KSrRMb5vNi0CWSGG1++id2ZOs/1QhRqROt+qgbEAdQuGjGrFcl4AOl4/exGPUYz2wUnU42nvJqon1T3U0kPXLA==",
        "dependencies": {
          "System.Security.AccessControl": "4.7.0",
          "System.Security.Principal.Windows": "4.7.0"
        }
      },
      "Microsoft.Win32.SystemEvents": {
        "type": "Transitive",
        "resolved": "4.7.0",
        "contentHash": "mtVirZr++rq+XCDITMUdnETD59XoeMxSpLRIII7JRI6Yj0LEDiO1pPn0ktlnIj12Ix8bfvQqQDMMIF9wC98oCA==",
        "dependencies": {
          "Microsoft.NETCore.Platforms": "3.1.0"
        }
      },
      "System.Drawing.Common": {
        "type": "Transitive",
        "resolved": "4.7.0",
        "contentHash": "v+XbyYHaZjDfn0ENmJEV1VYLgGgCTx1gnfOBcppowbpOAriglYgGCvFCPr2EEZyBvXlpxbEsTwkOlInl107ahA==",
        "dependencies": {
          "Microsoft.NETCore.Platforms": "3.1.0",
          "Microsoft.Win32.SystemEvents": "4.7.0"
        }
      },
      "System.Security.AccessControl": {
        "type": "Transitive",
        "resolved": "4.7.0",
        "contentHash": "JECvTt5aFF3WT3gHpfofL2MNNP6v84sxtXxpqhLBCcDRzqsPBmHhQ6shv4DwwN2tRlzsUxtb3G9M3763rbXKDg==",
        "dependencies": {
          "Microsoft.NETCore.Platforms": "3.1.0",
          "System.Security.Principal.Windows": "4.7.0"
        }
      },
      "System.Security.Cryptography.ProtectedData": {
        "type": "Transitive",
        "resolved": "4.7.0",
        "contentHash": "ehYW0m9ptxpGWvE4zgqongBVWpSDU/JCFD4K7krxkQwSz/sFQjEXCUqpvencjy6DYDbn7Ig09R8GFffu8TtneQ=="
      },
      "System.Security.Principal.Windows": {
        "type": "Transitive",
        "resolved": "4.7.0",
        "contentHash": "ojD0PX0XhneCsUbAZVKdb7h/70vyYMDYs85lwEI+LngEONe/17A0cFaRFqZU+sOEidcVswYWikYOQ9PPfjlbtQ=="
      },
      "System.Windows.Extensions": {
        "type": "Transitive",
        "resolved": "4.7.0",
        "contentHash": "CeWTdRNfRaSh0pm2gDTJFwVaXfTq6Xwv/sA887iwPTneW7oMtMlpvDIO+U60+3GWTB7Aom6oQwv5VZVUhQRdPQ==",
        "dependencies": {
          "System.Drawing.Common": "4.7.0"
        }
      }
    },
    ".NETCoreApp,Version=v3.1/ubuntu.18.04-x64": {
      "System.Diagnostics.EventLog": {
        "type": "Direct",
        "requested": "[4.7.0, )",
        "resolved": "4.7.0",
        "contentHash": "iDoKGQcRwX0qwY+eAEkaJGae0d/lHlxtslO+t8pJWAUxlvY3tqLtVOPnW2UU4cFjP0Y/L1QBqhkZfSyGqVMR2w==",
        "dependencies": {
          "Microsoft.NETCore.Platforms": "3.1.0",
          "Microsoft.Win32.Registry": "4.7.0",
          "System.Security.Principal.Windows": "4.7.0"
        }
      },
      "System.Diagnostics.PerformanceCounter": {
        "type": "Direct",
        "requested": "[4.7.0, )",
        "resolved": "4.7.0",
        "contentHash": "kE9szT4i3TYT9bDE/BPfzg9/BL6enMiZlcUmnUEBrhRtxWvurKoa8qhXkLTRhrxMzBqaDleWlRfIPE02tulU+w==",
        "dependencies": {
          "Microsoft.NETCore.Platforms": "3.1.0",
          "Microsoft.Win32.Registry": "4.7.0",
          "System.Configuration.ConfigurationManager": "4.7.0",
          "System.Security.Principal.Windows": "4.7.0"
        }
      },
      "Zlib.Bindings": {
        "type": "Direct",
        "requested": "[1.2.0, )",
        "resolved": "1.2.0",
        "contentHash": "z1/D7sNbpq3E6B+YLvV99vx9fa6cnOtxVLKMBVFJ8i/dGZG/y8bE+7lyOwLaDmQlTendwidPvjKfUKhLYgBryg=="
      },
      "Microsoft.Win32.Registry": {
        "type": "Transitive",
        "resolved": "4.7.0",
        "contentHash": "KSrRMb5vNi0CWSGG1++id2ZOs/1QhRqROt+qgbEAdQuGjGrFcl4AOl4/exGPUYz2wUnU42nvJqon1T3U0kPXLA==",
        "dependencies": {
          "System.Security.AccessControl": "4.7.0",
          "System.Security.Principal.Windows": "4.7.0"
        }
      },
      "Microsoft.Win32.SystemEvents": {
        "type": "Transitive",
        "resolved": "4.7.0",
        "contentHash": "mtVirZr++rq+XCDITMUdnETD59XoeMxSpLRIII7JRI6Yj0LEDiO1pPn0ktlnIj12Ix8bfvQqQDMMIF9wC98oCA==",
        "dependencies": {
          "Microsoft.NETCore.Platforms": "3.1.0"
        }
      },
      "System.Drawing.Common": {
        "type": "Transitive",
        "resolved": "4.7.0",
        "contentHash": "v+XbyYHaZjDfn0ENmJEV1VYLgGgCTx1gnfOBcppowbpOAriglYgGCvFCPr2EEZyBvXlpxbEsTwkOlInl107ahA==",
        "dependencies": {
          "Microsoft.NETCore.Platforms": "3.1.0",
          "Microsoft.Win32.SystemEvents": "4.7.0"
        }
      },
      "System.Security.AccessControl": {
        "type": "Transitive",
        "resolved": "4.7.0",
        "contentHash": "JECvTt5aFF3WT3gHpfofL2MNNP6v84sxtXxpqhLBCcDRzqsPBmHhQ6shv4DwwN2tRlzsUxtb3G9M3763rbXKDg==",
        "dependencies": {
          "Microsoft.NETCore.Platforms": "3.1.0",
          "System.Security.Principal.Windows": "4.7.0"
        }
      },
      "System.Security.Cryptography.ProtectedData": {
        "type": "Transitive",
        "resolved": "4.7.0",
        "contentHash": "ehYW0m9ptxpGWvE4zgqongBVWpSDU/JCFD4K7krxkQwSz/sFQjEXCUqpvencjy6DYDbn7Ig09R8GFffu8TtneQ=="
      },
      "System.Security.Principal.Windows": {
        "type": "Transitive",
        "resolved": "4.7.0",
        "contentHash": "ojD0PX0XhneCsUbAZVKdb7h/70vyYMDYs85lwEI+LngEONe/17A0cFaRFqZU+sOEidcVswYWikYOQ9PPfjlbtQ=="
      },
      "System.Windows.Extensions": {
        "type": "Transitive",
        "resolved": "4.7.0",
        "contentHash": "CeWTdRNfRaSh0pm2gDTJFwVaXfTq6Xwv/sA887iwPTneW7oMtMlpvDIO+U60+3GWTB7Aom6oQwv5VZVUhQRdPQ==",
        "dependencies": {
          "System.Drawing.Common": "4.7.0"
        }
      }
    },
    ".NETCoreApp,Version=v3.1/ubuntu.20.04-x64": {
      "System.Diagnostics.EventLog": {
        "type": "Direct",
        "requested": "[4.7.0, )",
        "resolved": "4.7.0",
        "contentHash": "iDoKGQcRwX0qwY+eAEkaJGae0d/lHlxtslO+t8pJWAUxlvY3tqLtVOPnW2UU4cFjP0Y/L1QBqhkZfSyGqVMR2w==",
        "dependencies": {
          "Microsoft.NETCore.Platforms": "3.1.0",
          "Microsoft.Win32.Registry": "4.7.0",
          "System.Security.Principal.Windows": "4.7.0"
        }
      },
      "System.Diagnostics.PerformanceCounter": {
        "type": "Direct",
        "requested": "[4.7.0, )",
        "resolved": "4.7.0",
        "contentHash": "kE9szT4i3TYT9bDE/BPfzg9/BL6enMiZlcUmnUEBrhRtxWvurKoa8qhXkLTRhrxMzBqaDleWlRfIPE02tulU+w==",
        "dependencies": {
          "Microsoft.NETCore.Platforms": "3.1.0",
          "Microsoft.Win32.Registry": "4.7.0",
          "System.Configuration.ConfigurationManager": "4.7.0",
          "System.Security.Principal.Windows": "4.7.0"
        }
      },
      "Zlib.Bindings": {
        "type": "Direct",
        "requested": "[1.2.0, )",
        "resolved": "1.2.0",
        "contentHash": "z1/D7sNbpq3E6B+YLvV99vx9fa6cnOtxVLKMBVFJ8i/dGZG/y8bE+7lyOwLaDmQlTendwidPvjKfUKhLYgBryg=="
      },
      "Microsoft.Win32.Registry": {
        "type": "Transitive",
        "resolved": "4.7.0",
        "contentHash": "KSrRMb5vNi0CWSGG1++id2ZOs/1QhRqROt+qgbEAdQuGjGrFcl4AOl4/exGPUYz2wUnU42nvJqon1T3U0kPXLA==",
        "dependencies": {
          "System.Security.AccessControl": "4.7.0",
          "System.Security.Principal.Windows": "4.7.0"
        }
      },
      "Microsoft.Win32.SystemEvents": {
        "type": "Transitive",
        "resolved": "4.7.0",
        "contentHash": "mtVirZr++rq+XCDITMUdnETD59XoeMxSpLRIII7JRI6Yj0LEDiO1pPn0ktlnIj12Ix8bfvQqQDMMIF9wC98oCA==",
        "dependencies": {
          "Microsoft.NETCore.Platforms": "3.1.0"
        }
      },
      "System.Drawing.Common": {
        "type": "Transitive",
        "resolved": "4.7.0",
        "contentHash": "v+XbyYHaZjDfn0ENmJEV1VYLgGgCTx1gnfOBcppowbpOAriglYgGCvFCPr2EEZyBvXlpxbEsTwkOlInl107ahA==",
        "dependencies": {
          "Microsoft.NETCore.Platforms": "3.1.0",
          "Microsoft.Win32.SystemEvents": "4.7.0"
        }
      },
      "System.Security.AccessControl": {
        "type": "Transitive",
        "resolved": "4.7.0",
        "contentHash": "JECvTt5aFF3WT3gHpfofL2MNNP6v84sxtXxpqhLBCcDRzqsPBmHhQ6shv4DwwN2tRlzsUxtb3G9M3763rbXKDg==",
        "dependencies": {
          "Microsoft.NETCore.Platforms": "3.1.0",
          "System.Security.Principal.Windows": "4.7.0"
        }
      },
      "System.Security.Cryptography.ProtectedData": {
        "type": "Transitive",
        "resolved": "4.7.0",
        "contentHash": "ehYW0m9ptxpGWvE4zgqongBVWpSDU/JCFD4K7krxkQwSz/sFQjEXCUqpvencjy6DYDbn7Ig09R8GFffu8TtneQ=="
      },
      "System.Security.Principal.Windows": {
        "type": "Transitive",
        "resolved": "4.7.0",
        "contentHash": "ojD0PX0XhneCsUbAZVKdb7h/70vyYMDYs85lwEI+LngEONe/17A0cFaRFqZU+sOEidcVswYWikYOQ9PPfjlbtQ=="
      },
      "System.Windows.Extensions": {
        "type": "Transitive",
        "resolved": "4.7.0",
        "contentHash": "CeWTdRNfRaSh0pm2gDTJFwVaXfTq6Xwv/sA887iwPTneW7oMtMlpvDIO+U60+3GWTB7Aom6oQwv5VZVUhQRdPQ==",
        "dependencies": {
          "System.Drawing.Common": "4.7.0"
        }
      }
    },
    ".NETCoreApp,Version=v3.1/win-x64": {
      "System.Diagnostics.EventLog": {
        "type": "Direct",
        "requested": "[4.7.0, )",
        "resolved": "4.7.0",
        "contentHash": "iDoKGQcRwX0qwY+eAEkaJGae0d/lHlxtslO+t8pJWAUxlvY3tqLtVOPnW2UU4cFjP0Y/L1QBqhkZfSyGqVMR2w==",
        "dependencies": {
          "Microsoft.NETCore.Platforms": "3.1.0",
          "Microsoft.Win32.Registry": "4.7.0",
          "System.Security.Principal.Windows": "4.7.0"
        }
      },
      "System.Diagnostics.PerformanceCounter": {
        "type": "Direct",
        "requested": "[4.7.0, )",
        "resolved": "4.7.0",
        "contentHash": "kE9szT4i3TYT9bDE/BPfzg9/BL6enMiZlcUmnUEBrhRtxWvurKoa8qhXkLTRhrxMzBqaDleWlRfIPE02tulU+w==",
        "dependencies": {
          "Microsoft.NETCore.Platforms": "3.1.0",
          "Microsoft.Win32.Registry": "4.7.0",
          "System.Configuration.ConfigurationManager": "4.7.0",
          "System.Security.Principal.Windows": "4.7.0"
        }
      },
      "Zlib.Bindings": {
        "type": "Direct",
        "requested": "[1.2.0, )",
        "resolved": "1.2.0",
        "contentHash": "z1/D7sNbpq3E6B+YLvV99vx9fa6cnOtxVLKMBVFJ8i/dGZG/y8bE+7lyOwLaDmQlTendwidPvjKfUKhLYgBryg=="
      },
      "Microsoft.Win32.Registry": {
        "type": "Transitive",
        "resolved": "4.7.0",
        "contentHash": "KSrRMb5vNi0CWSGG1++id2ZOs/1QhRqROt+qgbEAdQuGjGrFcl4AOl4/exGPUYz2wUnU42nvJqon1T3U0kPXLA==",
        "dependencies": {
          "System.Security.AccessControl": "4.7.0",
          "System.Security.Principal.Windows": "4.7.0"
        }
      },
      "Microsoft.Win32.SystemEvents": {
        "type": "Transitive",
        "resolved": "4.7.0",
        "contentHash": "mtVirZr++rq+XCDITMUdnETD59XoeMxSpLRIII7JRI6Yj0LEDiO1pPn0ktlnIj12Ix8bfvQqQDMMIF9wC98oCA==",
        "dependencies": {
          "Microsoft.NETCore.Platforms": "3.1.0"
        }
      },
      "System.Drawing.Common": {
        "type": "Transitive",
        "resolved": "4.7.0",
        "contentHash": "v+XbyYHaZjDfn0ENmJEV1VYLgGgCTx1gnfOBcppowbpOAriglYgGCvFCPr2EEZyBvXlpxbEsTwkOlInl107ahA==",
        "dependencies": {
          "Microsoft.NETCore.Platforms": "3.1.0",
          "Microsoft.Win32.SystemEvents": "4.7.0"
        }
      },
      "System.Security.AccessControl": {
        "type": "Transitive",
        "resolved": "4.7.0",
        "contentHash": "JECvTt5aFF3WT3gHpfofL2MNNP6v84sxtXxpqhLBCcDRzqsPBmHhQ6shv4DwwN2tRlzsUxtb3G9M3763rbXKDg==",
        "dependencies": {
          "Microsoft.NETCore.Platforms": "3.1.0",
          "System.Security.Principal.Windows": "4.7.0"
        }
      },
      "System.Security.Cryptography.ProtectedData": {
        "type": "Transitive",
        "resolved": "4.7.0",
        "contentHash": "ehYW0m9ptxpGWvE4zgqongBVWpSDU/JCFD4K7krxkQwSz/sFQjEXCUqpvencjy6DYDbn7Ig09R8GFffu8TtneQ=="
      },
      "System.Security.Principal.Windows": {
        "type": "Transitive",
        "resolved": "4.7.0",
        "contentHash": "ojD0PX0XhneCsUbAZVKdb7h/70vyYMDYs85lwEI+LngEONe/17A0cFaRFqZU+sOEidcVswYWikYOQ9PPfjlbtQ=="
      },
      "System.Windows.Extensions": {
        "type": "Transitive",
        "resolved": "4.7.0",
        "contentHash": "CeWTdRNfRaSh0pm2gDTJFwVaXfTq6Xwv/sA887iwPTneW7oMtMlpvDIO+U60+3GWTB7Aom6oQwv5VZVUhQRdPQ==",
        "dependencies": {
          "System.Drawing.Common": "4.7.0"
        }
      }
    }
  }
}